
Microsoft Visual Studio Solution File, Format Version 12.00
# Visual Studio Version 16
VisualStudioVersion = 16.0.31205.134
MinimumVisualStudioVersion = 10.0.40219.1
Project("{FAE04EC0-301F-11D3-BF4B-00C04F79EFBC}") = "MycraftLauncher", "MycraftLauncher.csproj", "{CAAFA8DD-0A2D-4A79-A94A-58F7250D3E7A}"
EndProject
Global
	GlobalSection(SolutionConfigurationPlatforms) = preSolution
		Debug|Any CPU = Debug|Any CPU
		Release|Any CPU = Release|Any CPU
	EndGlobalSection
	GlobalSection(ProjectConfigurationPlatforms) = postSolution
		{CAAFA8DD-0A2D-4A79-A94A-58F7250D3E7A}.Debug|Any CPU.ActiveCfg = Debug|Any CPU
		{CAAFA8DD-0A2D-4A79-A94A-58F7250D3E7A}.Debug|Any CPU.Build.0 = Debug|Any CPU
		{CAAFA8DD-0A2D-4A79-A94A-58F7250D3E7A}.Release|Any CPU.ActiveCfg = Release|Any CPU
		{CAAFA8DD-0A2D-4A79-A94A-58F7250D3E7A}.Release|Any CPU.Build.0 = Release|Any CPU
	EndGlobalSection
	GlobalSection(SolutionProperties) = preSolution
		HideSolutionNode = FALSE
	EndGlobalSection
	GlobalSection(ExtensibilityGlobals) = postSolution
		SolutionGuid = {A3477BB6-FD9A-4C61-9057-1509A97283E2}
	EndGlobalSection
EndGlobal
